// !$*UTF8*$!
{
	archiveVersion = 1;
	classes = {
	};
	objectVersion = 56;
	objects = {

/* Begin PBXBuildFile section */
		8129903E2A97D75B003AAF77 /* Kingfisher in Frameworks */ = {isa = PBXBuildFile; productRef = 8129903D2A97D75B003AAF77 /* Kingfisher */; };
		812990432A97DBF9003AAF77 /* DetailViewController.swift in Sources */ = {isa = PBXBuildFile; fileRef = 812990422A97DBF9003AAF77 /* DetailViewController.swift */; };
		812990452A97EA97003AAF77 /* GalleryCollectionView.swift in Sources */ = {isa = PBXBuildFile; fileRef = 812990442A97EA97003AAF77 /* GalleryCollectionView.swift */; };
		812990472A97ECFF003AAF77 /* GalleryCollectionViewCell.swift in Sources */ = {isa = PBXBuildFile; fileRef = 812990462A97ECFF003AAF77 /* GalleryCollectionViewCell.swift */; };
		813EB5A32A96A27D006BEEFD /* Region.swift in Sources */ = {isa = PBXBuildFile; fileRef = 813EB5A22A96A27D006BEEFD /* Region.swift */; };
		813EB5A52A96A8CC006BEEFD /* HomeViewModel.swift in Sources */ = {isa = PBXBuildFile; fileRef = 813EB5A42A96A8CC006BEEFD /* HomeViewModel.swift */; };
		813EB5A72A96AECA006BEEFD /* RegionCell.swift in Sources */ = {isa = PBXBuildFile; fileRef = 813EB5A62A96AECA006BEEFD /* RegionCell.swift */; };
		813EB5A92A976BA2006BEEFD /* RegionCellView.swift in Sources */ = {isa = PBXBuildFile; fileRef = 813EB5A82A976BA2006BEEFD /* RegionCellView.swift */; };
		813EB5AB2A977BAF006BEEFD /* LikeButton.swift in Sources */ = {isa = PBXBuildFile; fileRef = 813EB5AA2A977BAF006BEEFD /* LikeButton.swift */; };
		813EB5AD2A97A3F9006BEEFD /* ObservableWrapper.swift in Sources */ = {isa = PBXBuildFile; fileRef = 813EB5AC2A97A3F9006BEEFD /* ObservableWrapper.swift */; };
		813EB5B02A97A575006BEEFD /* NetworkService.swift in Sources */ = {isa = PBXBuildFile; fileRef = 813EB5AF2A97A575006BEEFD /* NetworkService.swift */; };
		813EB5B22A97A670006BEEFD /* RequestProcessor.swift in Sources */ = {isa = PBXBuildFile; fileRef = 813EB5B12A97A670006BEEFD /* RequestProcessor.swift */; };
		813EB5B42A97AEC4006BEEFD /* RegionList.swift in Sources */ = {isa = PBXBuildFile; fileRef = 813EB5B32A97AEC4006BEEFD /* RegionList.swift */; };
		81A3D3ED2A969AAE001E6C17 /* AppDelegate.swift in Sources */ = {isa = PBXBuildFile; fileRef = 81A3D3EC2A969AAE001E6C17 /* AppDelegate.swift */; };
		81A3D3EF2A969AAE001E6C17 /* SceneDelegate.swift in Sources */ = {isa = PBXBuildFile; fileRef = 81A3D3EE2A969AAE001E6C17 /* SceneDelegate.swift */; };
		81A3D3F12A969AAE001E6C17 /* HomeViewController.swift in Sources */ = {isa = PBXBuildFile; fileRef = 81A3D3F02A969AAE001E6C17 /* HomeViewController.swift */; };
		81A3D3F62A969AB3001E6C17 /* Assets.xcassets in Resources */ = {isa = PBXBuildFile; fileRef = 81A3D3F52A969AB3001E6C17 /* Assets.xcassets */; };
		81A3D3F92A969AB3001E6C17 /* LaunchScreen.storyboard in Resources */ = {isa = PBXBuildFile; fileRef = 81A3D3F72A969AB3001E6C17 /* LaunchScreen.storyboard */; };
		81B94C622A98086F007B49DA /* DetailViewModel.swift in Sources */ = {isa = PBXBuildFile; fileRef = 81B94C612A98086F007B49DA /* DetailViewModel.swift */; };
		81B94C652A9818F0007B49DA /* InfoView.swift in Sources */ = {isa = PBXBuildFile; fileRef = 81B94C642A9818F0007B49DA /* InfoView.swift */; };
		81B94C682A983C5D007B49DA /* UpdateDelegate.swift in Sources */ = {isa = PBXBuildFile; fileRef = 81B94C672A983C5D007B49DA /* UpdateDelegate.swift */; };
		81B94C6B2A98463A007B49DA /* UIColor+.swift in Sources */ = {isa = PBXBuildFile; fileRef = 81B94C6A2A98463A007B49DA /* UIColor+.swift */; };
/* End PBXBuildFile section */

/* Begin PBXFileReference section */
		812990422A97DBF9003AAF77 /* DetailViewController.swift */ = {isa = PBXFileReference; lastKnownFileType = sourcecode.swift; path = DetailViewController.swift; sourceTree = "<group>"; };
		812990442A97EA97003AAF77 /* GalleryCollectionView.swift */ = {isa = PBXFileReference; lastKnownFileType = sourcecode.swift; path = GalleryCollectionView.swift; sourceTree = "<group>"; };
		812990462A97ECFF003AAF77 /* GalleryCollectionViewCell.swift */ = {isa = PBXFileReference; lastKnownFileType = sourcecode.swift; path = GalleryCollectionViewCell.swift; sourceTree = "<group>"; };
		813EB5A22A96A27D006BEEFD /* Region.swift */ = {isa = PBXFileReference; lastKnownFileType = sourcecode.swift; path = Region.swift; sourceTree = "<group>"; };
		813EB5A42A96A8CC006BEEFD /* HomeViewModel.swift */ = {isa = PBXFileReference; lastKnownFileType = sourcecode.swift; path = HomeViewModel.swift; sourceTree = "<group>"; };
		813EB5A62A96AECA006BEEFD /* RegionCell.swift */ = {isa = PBXFileReference; lastKnownFileType = sourcecode.swift; path = RegionCell.swift; sourceTree = "<group>"; };
		813EB5A82A976BA2006BEEFD /* RegionCellView.swift */ = {isa = PBXFileReference; lastKnownFileType = sourcecode.swift; path = RegionCellView.swift; sourceTree = "<group>"; };
		813EB5AA2A977BAF006BEEFD /* LikeButton.swift */ = {isa = PBXFileReference; lastKnownFileType = sourcecode.swift; path = LikeButton.swift; sourceTree = "<group>"; };
		813EB5AC2A97A3F9006BEEFD /* ObservableWrapper.swift */ = {isa = PBXFileReference; lastKnownFileType = sourcecode.swift; path = ObservableWrapper.swift; sourceTree = "<group>"; };
		813EB5AF2A97A575006BEEFD /* NetworkService.swift */ = {isa = PBXFileReference; lastKnownFileType = sourcecode.swift; path = NetworkService.swift; sourceTree = "<group>"; };
		813EB5B12A97A670006BEEFD /* RequestProcessor.swift */ = {isa = PBXFileReference; lastKnownFileType = sourcecode.swift; path = RequestProcessor.swift; sourceTree = "<group>"; };
		813EB5B32A97AEC4006BEEFD /* RegionList.swift */ = {isa = PBXFileReference; lastKnownFileType = sourcecode.swift; path = RegionList.swift; sourceTree = "<group>"; };
		81A3D3E92A969AAE001E6C17 /* FavouriteRegions.app */ = {isa = PBXFileReference; explicitFileType = wrapper.application; includeInIndex = 0; path = FavouriteRegions.app; sourceTree = BUILT_PRODUCTS_DIR; };
		81A3D3EC2A969AAE001E6C17 /* AppDelegate.swift */ = {isa = PBXFileReference; lastKnownFileType = sourcecode.swift; path = AppDelegate.swift; sourceTree = "<group>"; };
		81A3D3EE2A969AAE001E6C17 /* SceneDelegate.swift */ = {isa = PBXFileReference; lastKnownFileType = sourcecode.swift; path = SceneDelegate.swift; sourceTree = "<group>"; };
		81A3D3F02A969AAE001E6C17 /* HomeViewController.swift */ = {isa = PBXFileReference; lastKnownFileType = sourcecode.swift; path = HomeViewController.swift; sourceTree = "<group>"; };
		81A3D3F52A969AB3001E6C17 /* Assets.xcassets */ = {isa = PBXFileReference; lastKnownFileType = folder.assetcatalog; path = Assets.xcassets; sourceTree = "<group>"; };
		81A3D3F82A969AB3001E6C17 /* Base */ = {isa = PBXFileReference; lastKnownFileType = file.storyboard; name = Base; path = Base.lproj/LaunchScreen.storyboard; sourceTree = "<group>"; };
		81A3D3FA2A969AB3001E6C17 /* Info.plist */ = {isa = PBXFileReference; lastKnownFileType = text.plist.xml; path = Info.plist; sourceTree = "<group>"; };
		81B94C612A98086F007B49DA /* DetailViewModel.swift */ = {isa = PBXFileReference; lastKnownFileType = sourcecode.swift; path = DetailViewModel.swift; sourceTree = "<group>"; };
		81B94C642A9818F0007B49DA /* InfoView.swift */ = {isa = PBXFileReference; lastKnownFileType = sourcecode.swift; path = InfoView.swift; sourceTree = "<group>"; };
		81B94C672A983C5D007B49DA /* UpdateDelegate.swift */ = {isa = PBXFileReference; lastKnownFileType = sourcecode.swift; path = UpdateDelegate.swift; sourceTree = "<group>"; };
		81B94C6A2A98463A007B49DA /* UIColor+.swift */ = {isa = PBXFileReference; lastKnownFileType = sourcecode.swift; path = "UIColor+.swift"; sourceTree = "<group>"; };
/* End PBXFileReference section */

/* Begin PBXFrameworksBuildPhase section */
		81A3D3E62A969AAE001E6C17 /* Frameworks */ = {
			isa = PBXFrameworksBuildPhase;
			buildActionMask = 2147483647;
			files = (
				8129903E2A97D75B003AAF77 /* Kingfisher in Frameworks */,
			);
			runOnlyForDeploymentPostprocessing = 0;
		};
/* End PBXFrameworksBuildPhase section */

/* Begin PBXGroup section */
		8129903F2A97DAA4003AAF77 /* HomeScreen */ = {
			isa = PBXGroup;
			children = (
				813EB59F2A96A24D006BEEFD /* View */,
				813EB5A12A96A25B006BEEFD /* ViewModel */,
			);
			path = HomeScreen;
			sourceTree = "<group>";
		};
		812990402A97DABF003AAF77 /* DetailScreen */ = {
			isa = PBXGroup;
			children = (
				81B94C632A981420007B49DA /* ViewModel */,
				812990412A97DBE2003AAF77 /* View */,
			);
			path = DetailScreen;
			sourceTree = "<group>";
		};
		812990412A97DBE2003AAF77 /* View */ = {
			isa = PBXGroup;
			children = (
				812990422A97DBF9003AAF77 /* DetailViewController.swift */,
				812990442A97EA97003AAF77 /* GalleryCollectionView.swift */,
				812990462A97ECFF003AAF77 /* GalleryCollectionViewCell.swift */,
				81B94C642A9818F0007B49DA /* InfoView.swift */,
			);
			path = View;
			sourceTree = "<group>";
		};
		813EB59F2A96A24D006BEEFD /* View */ = {
			isa = PBXGroup;
			children = (
				81A3D3F02A969AAE001E6C17 /* HomeViewController.swift */,
				813EB5A62A96AECA006BEEFD /* RegionCell.swift */,
				813EB5A82A976BA2006BEEFD /* RegionCellView.swift */,
				813EB5AA2A977BAF006BEEFD /* LikeButton.swift */,
			);
			path = View;
			sourceTree = "<group>";
		};
		813EB5A02A96A255006BEEFD /* Models */ = {
			isa = PBXGroup;
			children = (
				813EB5A22A96A27D006BEEFD /* Region.swift */,
				813EB5B32A97AEC4006BEEFD /* RegionList.swift */,
			);
			path = Models;
			sourceTree = "<group>";
		};
		813EB5A12A96A25B006BEEFD /* ViewModel */ = {
			isa = PBXGroup;
			children = (
				813EB5A42A96A8CC006BEEFD /* HomeViewModel.swift */,
			);
			path = ViewModel;
			sourceTree = "<group>";
		};
		813EB5AE2A97A54E006BEEFD /* Networking */ = {
			isa = PBXGroup;
			children = (
				813EB5AF2A97A575006BEEFD /* NetworkService.swift */,
				813EB5B12A97A670006BEEFD /* RequestProcessor.swift */,
			);
			path = Networking;
			sourceTree = "<group>";
		};
		81A3D3E02A969AAE001E6C17 = {
			isa = PBXGroup;
			children = (
				81A3D3EB2A969AAE001E6C17 /* FavouriteRegions */,
				81A3D3EA2A969AAE001E6C17 /* Products */,
			);
			sourceTree = "<group>";
		};
		81A3D3EA2A969AAE001E6C17 /* Products */ = {
			isa = PBXGroup;
			children = (
				81A3D3E92A969AAE001E6C17 /* FavouriteRegions.app */,
			);
			name = Products;
			sourceTree = "<group>";
		};
		81A3D3EB2A969AAE001E6C17 /* FavouriteRegions */ = {
			isa = PBXGroup;
			children = (
				81B94C662A983C45007B49DA /* App */,
				81B94C692A983C79007B49DA /* Binding */,
				812990402A97DABF003AAF77 /* DetailScreen */,
				8129903F2A97DAA4003AAF77 /* HomeScreen */,
				813EB5A02A96A255006BEEFD /* Models */,
				813EB5AE2A97A54E006BEEFD /* Networking */,
				81A3D3F72A969AB3001E6C17 /* LaunchScreen.storyboard */,
				81A3D3F52A969AB3001E6C17 /* Assets.xcassets */,
				81A3D3FA2A969AB3001E6C17 /* Info.plist */,
			);
			path = FavouriteRegions;
			sourceTree = "<group>";
		};
		81B94C632A981420007B49DA /* ViewModel */ = {
			isa = PBXGroup;
			children = (
				81B94C612A98086F007B49DA /* DetailViewModel.swift */,
			);
			path = ViewModel;
			sourceTree = "<group>";
		};
		81B94C662A983C45007B49DA /* App */ = {
			isa = PBXGroup;
			children = (
				81A3D3EC2A969AAE001E6C17 /* AppDelegate.swift */,
				81A3D3EE2A969AAE001E6C17 /* SceneDelegate.swift */,
				81B94C6A2A98463A007B49DA /* UIColor+.swift */,
			);
			path = App;
			sourceTree = "<group>";
		};
		81B94C692A983C79007B49DA /* Binding */ = {
			isa = PBXGroup;
			children = (
				81B94C672A983C5D007B49DA /* UpdateDelegate.swift */,
				813EB5AC2A97A3F9006BEEFD /* ObservableWrapper.swift */,
			);
			path = Binding;
			sourceTree = "<group>";
		};
/* End PBXGroup section */

/* Begin PBXNativeTarget section */
		81A3D3E82A969AAE001E6C17 /* FavouriteRegions */ = {
			isa = PBXNativeTarget;
			buildConfigurationList = 81A3D3FD2A969AB4001E6C17 /* Build configuration list for PBXNativeTarget "FavouriteRegions" */;
			buildPhases = (
				81A3D3E52A969AAE001E6C17 /* Sources */,
				81A3D3E62A969AAE001E6C17 /* Frameworks */,
				81A3D3E72A969AAE001E6C17 /* Resources */,
			);
			buildRules = (
			);
			dependencies = (
			);
			name = FavouriteRegions;
			packageProductDependencies = (
				8129903D2A97D75B003AAF77 /* Kingfisher */,
			);
			productName = FavouriteRegions;
			productReference = 81A3D3E92A969AAE001E6C17 /* FavouriteRegions.app */;
			productType = "com.apple.product-type.application";
		};
/* End PBXNativeTarget section */

/* Begin PBXProject section */
		81A3D3E12A969AAE001E6C17 /* Project object */ = {
			isa = PBXProject;
			attributes = {
				BuildIndependentTargetsInParallel = 1;
				LastSwiftUpdateCheck = 1410;
				LastUpgradeCheck = 1410;
				TargetAttributes = {
					81A3D3E82A969AAE001E6C17 = {
						CreatedOnToolsVersion = 14.1;
					};
				};
			};
			buildConfigurationList = 81A3D3E42A969AAE001E6C17 /* Build configuration list for PBXProject "FavouriteRegions" */;
			compatibilityVersion = "Xcode 14.0";
			developmentRegion = en;
			hasScannedForEncodings = 0;
			knownRegions = (
				en,
				Base,
			);
			mainGroup = 81A3D3E02A969AAE001E6C17;
			packageReferences = (
				8129903C2A97D75B003AAF77 /* XCRemoteSwiftPackageReference "Kingfisher" */,
			);
			productRefGroup = 81A3D3EA2A969AAE001E6C17 /* Products */;
			projectDirPath = "";
			projectRoot = "";
			targets = (
				81A3D3E82A969AAE001E6C17 /* FavouriteRegions */,
			);
		};
/* End PBXProject section */

/* Begin PBXResourcesBuildPhase section */
		81A3D3E72A969AAE001E6C17 /* Resources */ = {
			isa = PBXResourcesBuildPhase;
			buildActionMask = 2147483647;
			files = (
				81A3D3F92A969AB3001E6C17 /* LaunchScreen.storyboard in Resources */,
				81A3D3F62A969AB3001E6C17 /* Assets.xcassets in Resources */,
			);
			runOnlyForDeploymentPostprocessing = 0;
		};
/* End PBXResourcesBuildPhase section */

/* Begin PBXSourcesBuildPhase section */
		81A3D3E52A969AAE001E6C17 /* Sources */ = {
			isa = PBXSourcesBuildPhase;
			buildActionMask = 2147483647;
			files = (
				812990432A97DBF9003AAF77 /* DetailViewController.swift in Sources */,
				81B94C6B2A98463A007B49DA /* UIColor+.swift in Sources */,
				812990472A97ECFF003AAF77 /* GalleryCollectionViewCell.swift in Sources */,
				813EB5B02A97A575006BEEFD /* NetworkService.swift in Sources */,
				813EB5A92A976BA2006BEEFD /* RegionCellView.swift in Sources */,
				81B94C652A9818F0007B49DA /* InfoView.swift in Sources */,
				81A3D3F12A969AAE001E6C17 /* HomeViewController.swift in Sources */,
				81A3D3ED2A969AAE001E6C17 /* AppDelegate.swift in Sources */,
				81A3D3EF2A969AAE001E6C17 /* SceneDelegate.swift in Sources */,
				813EB5AD2A97A3F9006BEEFD /* ObservableWrapper.swift in Sources */,
				81B94C682A983C5D007B49DA /* UpdateDelegate.swift in Sources */,
				812990452A97EA97003AAF77 /* GalleryCollectionView.swift in Sources */,
				813EB5AB2A977BAF006BEEFD /* LikeButton.swift in Sources */,
				813EB5B42A97AEC4006BEEFD /* RegionList.swift in Sources */,
				813EB5B22A97A670006BEEFD /* RequestProcessor.swift in Sources */,
				813EB5A72A96AECA006BEEFD /* RegionCell.swift in Sources */,
				813EB5A52A96A8CC006BEEFD /* HomeViewModel.swift in Sources */,
				813EB5A32A96A27D006BEEFD /* Region.swift in Sources */,
				81B94C622A98086F007B49DA /* DetailViewModel.swift in Sources */,
			);
			runOnlyForDeploymentPostprocessing = 0;
		};
/* End PBXSourcesBuildPhase section */

/* Begin PBXVariantGroup section */
		81A3D3F72A969AB3001E6C17 /* LaunchScreen.storyboard */ = {
			isa = PBXVariantGroup;
			children = (
				81A3D3F82A969AB3001E6C17 /* Base */,
			);
			name = LaunchScreen.storyboard;
			sourceTree = "<group>";
		};
/* End PBXVariantGroup section */

/* Begin XCBuildConfiguration section */
		81A3D3FB2A969AB3001E6C17 /* Debug */ = {
			isa = XCBuildConfiguration;
			buildSettings = {
				ALWAYS_SEARCH_USER_PATHS = NO;
				CLANG_ANALYZER_NONNULL = YES;
				CLANG_ANALYZER_NUMBER_OBJECT_CONVERSION = YES_AGGRESSIVE;
				CLANG_CXX_LANGUAGE_STANDARD = "gnu++20";
				CLANG_ENABLE_MODULES = YES;
				CLANG_ENABLE_OBJC_ARC = YES;
				CLANG_ENABLE_OBJC_WEAK = YES;
				CLANG_WARN_BLOCK_CAPTURE_AUTORELEASING = YES;
				CLANG_WARN_BOOL_CONVERSION = YES;
				CLANG_WARN_COMMA = YES;
				CLANG_WARN_CONSTANT_CONVERSION = YES;
				CLANG_WARN_DEPRECATED_OBJC_IMPLEMENTATIONS = YES;
				CLANG_WARN_DIRECT_OBJC_ISA_USAGE = YES_ERROR;
				CLANG_WARN_DOCUMENTATION_COMMENTS = YES;
				CLANG_WARN_EMPTY_BODY = YES;
				CLANG_WARN_ENUM_CONVERSION = YES;
				CLANG_WARN_INFINITE_RECURSION = YES;
				CLANG_WARN_INT_CONVERSION = YES;
				CLANG_WARN_NON_LITERAL_NULL_CONVERSION = YES;
				CLANG_WARN_OBJC_IMPLICIT_RETAIN_SELF = YES;
				CLANG_WARN_OBJC_LITERAL_CONVERSION = YES;
				CLANG_WARN_OBJC_ROOT_CLASS = YES_ERROR;
				CLANG_WARN_QUOTED_INCLUDE_IN_FRAMEWORK_HEADER = YES;
				CLANG_WARN_RANGE_LOOP_ANALYSIS = YES;
				CLANG_WARN_STRICT_PROTOTYPES = YES;
				CLANG_WARN_SUSPICIOUS_MOVE = YES;
				CLANG_WARN_UNGUARDED_AVAILABILITY = YES_AGGRESSIVE;
				CLANG_WARN_UNREACHABLE_CODE = YES;
				CLANG_WARN__DUPLICATE_METHOD_MATCH = YES;
				COPY_PHASE_STRIP = NO;
				DEBUG_INFORMATION_FORMAT = dwarf;
				ENABLE_STRICT_OBJC_MSGSEND = YES;
				ENABLE_TESTABILITY = YES;
				GCC_C_LANGUAGE_STANDARD = gnu11;
				GCC_DYNAMIC_NO_PIC = NO;
				GCC_NO_COMMON_BLOCKS = YES;
				GCC_OPTIMIZATION_LEVEL = 0;
				GCC_PREPROCESSOR_DEFINITIONS = (
					"DEBUG=1",
					"$(inherited)",
				);
				GCC_WARN_64_TO_32_BIT_CONVERSION = YES;
				GCC_WARN_ABOUT_RETURN_TYPE = YES_ERROR;
				GCC_WARN_UNDECLARED_SELECTOR = YES;
				GCC_WARN_UNINITIALIZED_AUTOS = YES_AGGRESSIVE;
				GCC_WARN_UNUSED_FUNCTION = YES;
				GCC_WARN_UNUSED_VARIABLE = YES;
				IPHONEOS_DEPLOYMENT_TARGET = 16.1;
				MTL_ENABLE_DEBUG_INFO = INCLUDE_SOURCE;
				MTL_FAST_MATH = YES;
				ONLY_ACTIVE_ARCH = YES;
				SDKROOT = iphoneos;
				SWIFT_ACTIVE_COMPILATION_CONDITIONS = DEBUG;
				SWIFT_OPTIMIZATION_LEVEL = "-Onone";
			};
			name = Debug;
		};
		81A3D3FC2A969AB4001E6C17 /* Release */ = {
			isa = XCBuildConfiguration;
			buildSettings = {
				ALWAYS_SEARCH_USER_PATHS = NO;
				CLANG_ANALYZER_NONNULL = YES;
				CLANG_ANALYZER_NUMBER_OBJECT_CONVERSION = YES_AGGRESSIVE;
				CLANG_CXX_LANGUAGE_STANDARD = "gnu++20";
				CLANG_ENABLE_MODULES = YES;
				CLANG_ENABLE_OBJC_ARC = YES;
				CLANG_ENABLE_OBJC_WEAK = YES;
				CLANG_WARN_BLOCK_CAPTURE_AUTORELEASING = YES;
				CLANG_WARN_BOOL_CONVERSION = YES;
				CLANG_WARN_COMMA = YES;
				CLANG_WARN_CONSTANT_CONVERSION = YES;
				CLANG_WARN_DEPRECATED_OBJC_IMPLEMENTATIONS = YES;
				CLANG_WARN_DIRECT_OBJC_ISA_USAGE = YES_ERROR;
				CLANG_WARN_DOCUMENTATION_COMMENTS = YES;
				CLANG_WARN_EMPTY_BODY = YES;
				CLANG_WARN_ENUM_CONVERSION = YES;
				CLANG_WARN_INFINITE_RECURSION = YES;
				CLANG_WARN_INT_CONVERSION = YES;
				CLANG_WARN_NON_LITERAL_NULL_CONVERSION = YES;
				CLANG_WARN_OBJC_IMPLICIT_RETAIN_SELF = YES;
				CLANG_WARN_OBJC_LITERAL_CONVERSION = YES;
				CLANG_WARN_OBJC_ROOT_CLASS = YES_ERROR;
				CLANG_WARN_QUOTED_INCLUDE_IN_FRAMEWORK_HEADER = YES;
				CLANG_WARN_RANGE_LOOP_ANALYSIS = YES;
				CLANG_WARN_STRICT_PROTOTYPES = YES;
				CLANG_WARN_SUSPICIOUS_MOVE = YES;
				CLANG_WARN_UNGUARDED_AVAILABILITY = YES_AGGRESSIVE;
				CLANG_WARN_UNREACHABLE_CODE = YES;
				CLANG_WARN__DUPLICATE_METHOD_MATCH = YES;
				COPY_PHASE_STRIP = NO;
				DEBUG_INFORMATION_FORMAT = "dwarf-with-dsym";
				ENABLE_NS_ASSERTIONS = NO;
				ENABLE_STRICT_OBJC_MSGSEND = YES;
				GCC_C_LANGUAGE_STANDARD = gnu11;
				GCC_NO_COMMON_BLOCKS = YES;
				GCC_WARN_64_TO_32_BIT_CONVERSION = YES;
				GCC_WARN_ABOUT_RETURN_TYPE = YES_ERROR;
				GCC_WARN_UNDECLARED_SELECTOR = YES;
				GCC_WARN_UNINITIALIZED_AUTOS = YES_AGGRESSIVE;
				GCC_WARN_UNUSED_FUNCTION = YES;
				GCC_WARN_UNUSED_VARIABLE = YES;
				IPHONEOS_DEPLOYMENT_TARGET = 16.1;
				MTL_ENABLE_DEBUG_INFO = NO;
				MTL_FAST_MATH = YES;
				SDKROOT = iphoneos;
				SWIFT_COMPILATION_MODE = wholemodule;
				SWIFT_OPTIMIZATION_LEVEL = "-O";
				VALIDATE_PRODUCT = YES;
			};
			name = Release;
		};
		81A3D3FE2A969AB4001E6C17 /* Debug */ = {
			isa = XCBuildConfiguration;
			buildSettings = {
				ASSETCATALOG_COMPILER_APPICON_NAME = AppIcon;
				ASSETCATALOG_COMPILER_GLOBAL_ACCENT_COLOR_NAME = AccentColor;
				CODE_SIGN_STYLE = Automatic;
				CURRENT_PROJECT_VERSION = 1;
				DEVELOPMENT_TEAM = 7P9G8L9G3Z;
				GENERATE_INFOPLIST_FILE = YES;
				INFOPLIST_FILE = FavouriteRegions/Info.plist;
				INFOPLIST_KEY_UIApplicationSupportsIndirectInputEvents = YES;
				INFOPLIST_KEY_UILaunchStoryboardName = LaunchScreen;
				INFOPLIST_KEY_UISupportedInterfaceOrientations_iPad = "UIInterfaceOrientationPortrait UIInterfaceOrientationPortraitUpsideDown UIInterfaceOrientationLandscapeLeft UIInterfaceOrientationLandscapeRight";
				INFOPLIST_KEY_UISupportedInterfaceOrientations_iPhone = "UIInterfaceOrientationPortrait UIInterfaceOrientationLandscapeLeft UIInterfaceOrientationLandscapeRight";
				LD_RUNPATH_SEARCH_PATHS = (
					"$(inherited)",
					"@executable_path/Frameworks",
				);
				MARKETING_VERSION = 1.0;
				PRODUCT_BUNDLE_IDENTIFIER = "-.FavouriteRegions";
				PRODUCT_NAME = "$(TARGET_NAME)";
				SWIFT_EMIT_LOC_STRINGS = YES;
				SWIFT_VERSION = 5.0;
				TARGETED_DEVICE_FAMILY = "1,2";
			};
			name = Debug;
		};
		81A3D3FF2A969AB4001E6C17 /* Release */ = {
			isa = XCBuildConfiguration;
			buildSettings = {
				ASSETCATALOG_COMPILER_APPICON_NAME = AppIcon;
				ASSETCATALOG_COMPILER_GLOBAL_ACCENT_COLOR_NAME = AccentColor;
				CODE_SIGN_STYLE = Automatic;
				CURRENT_PROJECT_VERSION = 1;
				DEVELOPMENT_TEAM = 7P9G8L9G3Z;
				GENERATE_INFOPLIST_FILE = YES;
				INFOPLIST_FILE = FavouriteRegions/Info.plist;
				INFOPLIST_KEY_UIApplicationSupportsIndirectInputEvents = YES;
				INFOPLIST_KEY_UILaunchStoryboardName = LaunchScreen;
				INFOPLIST_KEY_UISupportedInterfaceOrientations_iPad = "UIInterfaceOrientationPortrait UIInterfaceOrientationPortraitUpsideDown UIInterfaceOrientationLandscapeLeft UIInterfaceOrientationLandscapeRight";
				INFOPLIST_KEY_UISupportedInterfaceOrientations_iPhone = "UIInterfaceOrientationPortrait UIInterfaceOrientationLandscapeLeft UIInterfaceOrientationLandscapeRight";
				LD_RUNPATH_SEARCH_PATHS = (
					"$(inherited)",
					"@executable_path/Frameworks",
				);
				MARKETING_VERSION = 1.0;
				PRODUCT_BUNDLE_IDENTIFIER = "-.FavouriteRegions";
				PRODUCT_NAME = "$(TARGET_NAME)";
				SWIFT_EMIT_LOC_STRINGS = YES;
				SWIFT_VERSION = 5.0;
				TARGETED_DEVICE_FAMILY = "1,2";
			};
			name = Release;
		};
/* End XCBuildConfiguration section */

/* Begin XCConfigurationList section */
		81A3D3E42A969AAE001E6C17 /* Build configuration list for PBXProject "FavouriteRegions" */ = {
			isa = XCConfigurationList;
			buildConfigurations = (
				81A3D3FB2A969AB3001E6C17 /* Debug */,
				81A3D3FC2A969AB4001E6C17 /* Release */,
			);
			defaultConfigurationIsVisible = 0;
			defaultConfigurationName = Release;
		};
		81A3D3FD2A969AB4001E6C17 /* Build configuration list for PBXNativeTarget "FavouriteRegions" */ = {
			isa = XCConfigurationList;
			buildConfigurations = (
				81A3D3FE2A969AB4001E6C17 /* Debug */,
				81A3D3FF2A969AB4001E6C17 /* Release */,
			);
			defaultConfigurationIsVisible = 0;
			defaultConfigurationName = Release;
		};
/* End XCConfigurationList section */

/* Begin XCRemoteSwiftPackageReference section */
		8129903C2A97D75B003AAF77 /* XCRemoteSwiftPackageReference "Kingfisher" */ = {
			isa = XCRemoteSwiftPackageReference;
			repositoryURL = "https://github.com/onevcat/Kingfisher.git";
			requirement = {
				kind = upToNextMajorVersion;
				minimumVersion = 7.0.0;
			};
		};
/* End XCRemoteSwiftPackageReference section */

/* Begin XCSwiftPackageProductDependency section */
		8129903D2A97D75B003AAF77 /* Kingfisher */ = {
			isa = XCSwiftPackageProductDependency;
			package = 8129903C2A97D75B003AAF77 /* XCRemoteSwiftPackageReference "Kingfisher" */;
			productName = Kingfisher;
		};
/* End XCSwiftPackageProductDependency section */
	};
	rootObject = 81A3D3E12A969AAE001E6C17 /* Project object */;
}
